
Microsoft Visual Studio Solution File, Format Version 12.00
# Visual Studio Version 17
VisualStudioVersion = 17.12.35323.107
MinimumVisualStudioVersion = 10.0.40219.1
Project("{FAE04EC0-301F-11D3-BF4B-00C04F79EFBC}") = "MiniMovieApi", "MiniMovieApi\MiniMovieApi.csproj", "{CBD7BF0C-19CF-4D73-896C-039439729440}"
EndProject
Global
	GlobalSection(SolutionConfigurationPlatforms) = preSolution
		Debug|Any CPU = Debug|Any CPU
		Release|Any CPU = Release|Any CPU
	EndGlobalSection
	GlobalSection(ProjectConfigurationPlatforms) = postSolution
		{CBD7BF0C-19CF-4D73-896C-039439729440}.Debug|Any CPU.ActiveCfg = Debug|Any CPU
		{CBD7BF0C-19CF-4D73-896C-039439729440}.Debug|Any CPU.Build.0 = Debug|Any CPU
		{CBD7BF0C-19CF-4D73-896C-039439729440}.Release|Any CPU.ActiveCfg = Release|Any CPU
		{CBD7BF0C-19CF-4D73-896C-039439729440}.Release|Any CPU.Build.0 = Release|Any CPU
	EndGlobalSection
	GlobalSection(SolutionProperties) = preSolution
		HideSolutionNode = FALSE
	EndGlobalSection
	GlobalSection(ExtensibilityGlobals) = postSolution
		SolutionGuid = {3C252F5F-6DD5-4F1F-B04E-75CBEA73EE15}
	EndGlobalSection
EndGlobal
